
Microsoft Visual Studio Solution File, Format Version 12.00
# Visual Studio Version 17
VisualStudioVersion = 17.4.33205.214
MinimumVisualStudioVersion = 10.0.40219.1
Project("{9A19103F-16F7-4668-BE54-9A1E7A4F7556}") = "HelloLeoCloud", "HelloLeoCloud.csproj", "{CD782F03-61B4-45DF-9DFB-5698FA2FD8B1}"
EndProject
Global
	GlobalSection(SolutionConfigurationPlatforms) = preSolution
		Debug|Any CPU = Debug|Any CPU
		Release|Any CPU = Release|Any CPU
	EndGlobalSection
	GlobalSection(ProjectConfigurationPlatforms) = postSolution
		{CD782F03-61B4-45DF-9DFB-5698FA2FD8B1}.Debug|Any CPU.ActiveCfg = Debug|Any CPU
		{CD782F03-61B4-45DF-9DFB-5698FA2FD8B1}.Debug|Any CPU.Build.0 = Debug|Any CPU
		{CD782F03-61B4-45DF-9DFB-5698FA2FD8B1}.Release|Any CPU.ActiveCfg = Release|Any CPU
		{CD782F03-61B4-45DF-9DFB-5698FA2FD8B1}.Release|Any CPU.Build.0 = Release|Any CPU
	EndGlobalSection
	GlobalSection(SolutionProperties) = preSolution
		HideSolutionNode = FALSE
	EndGlobalSection
	GlobalSection(ExtensibilityGlobals) = postSolution
		SolutionGuid = {97B9F4E8-4894-4EAB-BEA7-1E1BEAEABD46}
	EndGlobalSection
EndGlobal
